speakeasyVersion: 1.605.0
sources:
    converge-source:
        sourceNamespace: converge-source
        sourceRevisionDigest: sha256:23230c0f199ba55db43003347596980e81ee1c5f79f390fb1e6a23364b51ae38
        sourceBlobDigest: sha256:6e73ebbc0b7dedeeba1ccf77aea2b6afb2217ef6492fb42154376cde32e5dbeb
        tags:
            - latest
            - speakeasy-sdk-regen-1754440250
            - 1.0.31
targets:
    censys-sdk-typescript:
        source: converge-source
        sourceNamespace: converge-source
        sourceRevisionDigest: sha256:23230c0f199ba55db43003347596980e81ee1c5f79f390fb1e6a23364b51ae38
        sourceBlobDigest: sha256:6e73ebbc0b7dedeeba1ccf77aea2b6afb2217ef6492fb42154376cde32e5dbeb
        codeSamplesNamespace: converge-source-typescript-code-samples
        codeSamplesRevisionDigest: sha256:4d76ba86bdba58cea17ce75a1b25ee7a3b0564bccf646c6f9e5af77700ba0863
workflow:
    workflowVersion: 1.0.0
    speakeasyVersion: latest
    sources:
        converge-source:
            inputs:
                - location: https://github.com/censys/censys-sdk-openapi/releases/latest/download/openapi.yaml
            registry:
                location: registry.speakeasyapi.dev/censys/censys/converge-source
    targets:
        censys-sdk-typescript:
            target: typescript
            source: converge-source
            publish:
                npm:
                    token: $npm_token
            codeSamples:
                registry:
                    location: registry.speakeasyapi.dev/censys/censys/converge-source-typescript-code-samples
                labelOverride:
                    fixedValue: Typescript (SDK)
                blocking: false
