speakeasyVersion: 1.700.2
sources:
    converge-source:
        sourceNamespace: converge-source
        sourceRevisionDigest: sha256:7b3f780b817d3434a2d2aeb310cf8987d91c3d3a493f1b73bcf32ec3e877d56a
        sourceBlobDigest: sha256:c82ea45eb541f2b2bd01aea26cd7a561098f9326ed7163df172c5ead3787bf44
        tags:
            - latest
            - speakeasy-sdk-regen-1766104252
            - 1.0.71
targets:
    censys-sdk-typescript:
        source: converge-source
        sourceNamespace: converge-source
        sourceRevisionDigest: sha256:7b3f780b817d3434a2d2aeb310cf8987d91c3d3a493f1b73bcf32ec3e877d56a
        sourceBlobDigest: sha256:c82ea45eb541f2b2bd01aea26cd7a561098f9326ed7163df172c5ead3787bf44
        codeSamplesNamespace: converge-source-typescript-code-samples
        codeSamplesRevisionDigest: sha256:d7e13b38f8ba415dfaa67e5416c78c7528ed7e98db2d6240d1c833e7758e9e1d
workflow:
    workflowVersion: 1.0.0
    speakeasyVersion: latest
    sources:
        converge-source:
            inputs:
                - location: https://github.com/censys/censys-sdk-openapi/releases/latest/download/openapi.yaml
            registry:
                location: registry.speakeasyapi.dev/censys/censys/converge-source
    targets:
        censys-sdk-typescript:
            target: typescript
            source: converge-source
            publish:
                npm:
                    token: $npm_token
            codeSamples:
                registry:
                    location: registry.speakeasyapi.dev/censys/censys/converge-source-typescript-code-samples
                labelOverride:
                    fixedValue: Typescript (SDK)
                blocking: false
