speakeasyVersion: 1.680.12
sources:
    converge-source:
        sourceNamespace: converge-source
        sourceRevisionDigest: sha256:82a2c52eb1d76158472af40620391d8e4cd7850de17e49c4892fd355147f7d10
        sourceBlobDigest: sha256:05521f996ca399b22d57d194f84b92f1e5e2a5f0ae8b53dde3df48bde71d2cad
        tags:
            - latest
            - speakeasy-sdk-regen-1766104252
            - 1.0.56
targets:
    censys-sdk-typescript:
        source: converge-source
        sourceNamespace: converge-source
        sourceRevisionDigest: sha256:82a2c52eb1d76158472af40620391d8e4cd7850de17e49c4892fd355147f7d10
        sourceBlobDigest: sha256:05521f996ca399b22d57d194f84b92f1e5e2a5f0ae8b53dde3df48bde71d2cad
        codeSamplesNamespace: converge-source-typescript-code-samples
        codeSamplesRevisionDigest: sha256:e14c964611e65f516c423445c3dbd6b39e83c303c3eb8df7b9c5ff2ae535382f
workflow:
    workflowVersion: 1.0.0
    speakeasyVersion: latest
    sources:
        converge-source:
            inputs:
                - location: https://github.com/censys/censys-sdk-openapi/releases/latest/download/openapi.yaml
            registry:
                location: registry.speakeasyapi.dev/censys/censys/converge-source
    targets:
        censys-sdk-typescript:
            target: typescript
            source: converge-source
            publish:
                npm:
                    token: $npm_token
            codeSamples:
                registry:
                    location: registry.speakeasyapi.dev/censys/censys/converge-source-typescript-code-samples
                labelOverride:
                    fixedValue: Typescript (SDK)
                blocking: false
